
Microsoft Visual Studio Solution File, Format Version 12.00
# Visual Studio Version 16
VisualStudioVersion = 16.0.29319.158
MinimumVisualStudioVersion = 10.0.40219.1
Project("{9A19103F-16F7-4668-BE54-9A1E7A4F7556}") = "uadec", "uadec\uadec.csproj", "{3B21A83A-D5F2-47E4-8DE2-C3BDEBE7AC43}"
EndProject
Project("{FAE04EC0-301F-11D3-BF4B-00C04F79EFBC}") = "uadecTest", "uadecTest\uadecTest.csproj", "{CCF493FD-D1BE-4DBE-A0CC-58FAEA8BDFF3}"
EndProject
Project("{00D1A9C2-B5F0-4AF3-8072-F6C62B433612}") = "uadecDatabase", "uadecDatabase\uadecDatabase.sqlproj", "{2C585C77-130A-4809-ABA0-2CD1A8591748}"
EndProject
Global
	GlobalSection(SolutionConfigurationPlatforms) = preSolution
		Debug|Any CPU = Debug|Any CPU
		Release|Any CPU = Release|Any CPU
	EndGlobalSection
	GlobalSection(ProjectConfigurationPlatforms) = postSolution
		{3B21A83A-D5F2-47E4-8DE2-C3BDEBE7AC43}.Debug|Any CPU.ActiveCfg = Debug|Any CPU
		{3B21A83A-D5F2-47E4-8DE2-C3BDEBE7AC43}.Debug|Any CPU.Build.0 = Debug|Any CPU
		{3B21A83A-D5F2-47E4-8DE2-C3BDEBE7AC43}.Release|Any CPU.ActiveCfg = Release|Any CPU
		{3B21A83A-D5F2-47E4-8DE2-C3BDEBE7AC43}.Release|Any CPU.Build.0 = Release|Any CPU
		{CCF493FD-D1BE-4DBE-A0CC-58FAEA8BDFF3}.Debug|Any CPU.ActiveCfg = Debug|Any CPU
		{CCF493FD-D1BE-4DBE-A0CC-58FAEA8BDFF3}.Debug|Any CPU.Build.0 = Debug|Any CPU
		{CCF493FD-D1BE-4DBE-A0CC-58FAEA8BDFF3}.Release|Any CPU.ActiveCfg = Release|Any CPU
		{CCF493FD-D1BE-4DBE-A0CC-58FAEA8BDFF3}.Release|Any CPU.Build.0 = Release|Any CPU
		{2C585C77-130A-4809-ABA0-2CD1A8591748}.Debug|Any CPU.ActiveCfg = Debug|Any CPU
		{2C585C77-130A-4809-ABA0-2CD1A8591748}.Debug|Any CPU.Build.0 = Debug|Any CPU
		{2C585C77-130A-4809-ABA0-2CD1A8591748}.Debug|Any CPU.Deploy.0 = Debug|Any CPU
		{2C585C77-130A-4809-ABA0-2CD1A8591748}.Release|Any CPU.ActiveCfg = Release|Any CPU
		{2C585C77-130A-4809-ABA0-2CD1A8591748}.Release|Any CPU.Build.0 = Release|Any CPU
		{2C585C77-130A-4809-ABA0-2CD1A8591748}.Release|Any CPU.Deploy.0 = Release|Any CPU
	EndGlobalSection
	GlobalSection(SolutionProperties) = preSolution
		HideSolutionNode = FALSE
	EndGlobalSection
	GlobalSection(ExtensibilityGlobals) = postSolution
		SolutionGuid = {37E11145-CBEA-4BEB-900E-360259C9DF2C}
	EndGlobalSection
EndGlobal
